// !$*UTF8*$!
{
	archiveVersion = 1;
	classes = {
	};
	objectVersion = 46;
	objects = {

/* Begin PBXBuildFile section */
		09731E4718E2B3FE00C3C8A8 /* Foundation.framework in Frameworks */ = {isa = PBXBuildFile; fileRef = 09731E4618E2B3FE00C3C8A8 /* Foundation.framework */; };
		09731E4918E2B3FE00C3C8A8 /* CoreGraphics.framework in Frameworks */ = {isa = PBXBuildFile; fileRef = 09731E4818E2B3FE00C3C8A8 /* CoreGraphics.framework */; };
		09731E4B18E2B3FE00C3C8A8 /* UIKit.framework in Frameworks */ = {isa = PBXBuildFile; fileRef = 09731E4A18E2B3FE00C3C8A8 /* UIKit.framework */; };
		09731E5118E2B3FE00C3C8A8 /* InfoPlist.strings in Resources */ = {isa = PBXBuildFile; fileRef = 09731E4F18E2B3FE00C3C8A8 /* InfoPlist.strings */; };
		09731E5318E2B3FE00C3C8A8 /* main.m in Sources */ = {isa = PBXBuildFile; fileRef = 09731E5218E2B3FE00C3C8A8 /* main.m */; };
		09731E5718E2B3FE00C3C8A8 /* HelloWorldAppDelegate.m in Sources */ = {isa = PBXBuildFile; fileRef = 09731E5618E2B3FE00C3C8A8 /* HelloWorldAppDelegate.m */; };
		09731E5A18E2B3FE00C3C8A8 /* Main.storyboard in Resources */ = {isa = PBXBuildFile; fileRef = 09731E5818E2B3FE00C3C8A8 /* Main.storyboard */; };
		09731E5D18E2B3FE00C3C8A8 /* HelloWorldViewController.m in Sources */ = {isa = PBXBuildFile; fileRef = 09731E5C18E2B3FE00C3C8A8 /* HelloWorldViewController.m */; };
		09731E5F18E2B3FE00C3C8A8 /* Images.xcassets in Resources */ = {isa = PBXBuildFile; fileRef = 09731E5E18E2B3FE00C3C8A8 /* Images.xcassets */; };
		09731E6618E2B3FE00C3C8A8 /* XCTest.framework in Frameworks */ = {isa = PBXBuildFile; fileRef = 09731E6518E2B3FE00C3C8A8 /* XCTest.framework */; };
		09731E6718E2B3FE00C3C8A8 /* Foundation.framework in Frameworks */ = {isa = PBXBuildFile; fileRef = 09731E4618E2B3FE00C3C8A8 /* Foundation.framework */; };
		09731E6818E2B3FE00C3C8A8 /* UIKit.framework in Frameworks */ = {isa = PBXBuildFile; fileRef = 09731E4A18E2B3FE00C3C8A8 /* UIKit.framework */; };
		09731E7018E2B3FE00C3C8A8 /* InfoPlist.strings in Resources */ = {isa = PBXBuildFile; fileRef = 09731E6E18E2B3FE00C3C8A8 /* InfoPlist.strings */; };
		09731E7218E2B3FE00C3C8A8 /* HelloWorldTests.m in Sources */ = {isa = PBXBuildFile; fileRef = 09731E7118E2B3FE00C3C8A8 /* HelloWorldTests.m */; };
/* End PBXBuildFile section */

/* Begin PBXContainerItemProxy section */
		09731E6918E2B3FE00C3C8A8 /* PBXContainerItemProxy */ = {
			isa = PBXContainerItemProxy;
			containerPortal = 09731E3B18E2B3FE00C3C8A8 /* Project object */;
			proxyType = 1;
			remoteGlobalIDString = 09731E4218E2B3FE00C3C8A8;
			remoteInfo = HelloWorld;
		};
/* End PBXContainerItemProxy section */

/* Begin PBXFileReference section */
		09731E4318E2B3FE00C3C8A8 /* HelloWorld.app */ = {isa = PBXFileReference; explicitFileType = wrapper.application; includeInIndex = 0; path = HelloWorld.app; sourceTree = BUILT_PRODUCTS_DIR; };
		09731E4618E2B3FE00C3C8A8 /* Foundation.framework */ = {isa = PBXFileReference; lastKnownFileType = wrapper.framework; name = Foundation.framework; path = System/Library/Frameworks/Foundation.framework; sourceTree = SDKROOT; };
		09731E4818E2B3FE00C3C8A8 /* CoreGraphics.framework */ = {isa = PBXFileReference; lastKnownFileType = wrapper.framework; name = CoreGraphics.framework; path = System/Library/Frameworks/CoreGraphics.framework; sourceTree = SDKROOT; };
		09731E4A18E2B3FE00C3C8A8 /* UIKit.framework */ = {isa = PBXFileReference; lastKnownFileType = wrapper.framework; name = UIKit.framework; path = System/Library/Frameworks/UIKit.framework; sourceTree = SDKROOT; };
		09731E4E18E2B3FE00C3C8A8 /* HelloWorld-Info.plist */ = {isa = PBXFileReference; lastKnownFileType = text.plist.xml; path = "HelloWorld-Info.plist"; sourceTree = "<group>"; };
		09731E5018E2B3FE00C3C8A8 /* en */ = {isa = PBXFileReference; lastKnownFileType = text.plist.strings; name = en; path = en.lproj/InfoPlist.strings; sourceTree = "<group>"; };
		09731E5218E2B3FE00C3C8A8 /* main.m */ = {isa = PBXFileReference; lastKnownFileType = sourcecode.c.objc; path = main.m; sourceTree = "<group>"; };
		09731E5418E2B3FE00C3C8A8 /* HelloWorld-Prefix.pch */ = {isa = PBXFileReference; lastKnownFileType = sourcecode.c.h; path = "HelloWorld-Prefix.pch"; sourceTree = "<group>"; };
		09731E5518E2B3FE00C3C8A8 /* HelloWorldAppDelegate.h */ = {isa = PBXFileReference; lastKnownFileType = sourcecode.c.h; path = HelloWorldAppDelegate.h; sourceTree = "<group>"; };
		09731E5618E2B3FE00C3C8A8 /* HelloWorldAppDelegate.m */ = {isa = PBXFileReference; lastKnownFileType = sourcecode.c.objc; path = HelloWorldAppDelegate.m; sourceTree = "<group>"; };
		09731E5918E2B3FE00C3C8A8 /* Base */ = {isa = PBXFileReference; lastKnownFileType = file.storyboard; name = Base; path = Base.lproj/Main.storyboard; sourceTree = "<group>"; };
		09731E5B18E2B3FE00C3C8A8 /* HelloWorldViewController.h */ = {isa = PBXFileReference; lastKnownFileType = sourcecode.c.h; path = HelloWorldViewController.h; sourceTree = "<group>"; };
		09731E5C18E2B3FE00C3C8A8 /* HelloWorldViewController.m */ = {isa = PBXFileReference; lastKnownFileType = sourcecode.c.objc; path = HelloWorldViewController.m; sourceTree = "<group>"; };
		09731E5E18E2B3FE00C3C8A8 /* Images.xcassets */ = {isa = PBXFileReference; lastKnownFileType = folder.assetcatalog; path = Images.xcassets; sourceTree = "<group>"; };
		09731E6418E2B3FE00C3C8A8 /* HelloWorldTests.xctest */ = {isa = PBXFileReference; explicitFileType = wrapper.cfbundle; includeInIndex = 0; path = HelloWorldTests.xctest; sourceTree = BUILT_PRODUCTS_DIR; };
		09731E6518E2B3FE00C3C8A8 /* XCTest.framework */ = {isa = PBXFileReference; lastKnownFileType = wrapper.framework; name = XCTest.framework; path = Library/Frameworks/XCTest.framework; sourceTree = DEVELOPER_DIR; };
		09731E6D18E2B3FE00C3C8A8 /* HelloWorldTests-Info.plist */ = {isa = PBXFileReference; lastKnownFileType = text.plist.xml; path = "HelloWorldTests-Info.plist"; sourceTree = "<group>"; };
		09731E6F18E2B3FE00C3C8A8 /* en */ = {isa = PBXFileReference; lastKnownFileType = text.plist.strings; name = en; path = en.lproj/InfoPlist.strings; sourceTree = "<group>"; };
		09731E7118E2B3FE00C3C8A8 /* HelloWorldTests.m */ = {isa = PBXFileReference; lastKnownFileType = sourcecode.c.objc; path = HelloWorldTests.m; sourceTree = "<group>"; };
/* End PBXFileReference section */

/* Begin PBXFrameworksBuildPhase section */
		09731E4018E2B3FE00C3C8A8 /* Frameworks */ = {
			isa = PBXFrameworksBuildPhase;
			buildActionMask = 2147483647;
			files = (
				09731E4918E2B3FE00C3C8A8 /* CoreGraphics.framework in Frameworks */,
				09731E4B18E2B3FE00C3C8A8 /* UIKit.framework in Frameworks */,
				09731E4718E2B3FE00C3C8A8 /* Foundation.framework in Frameworks */,
			);
			runOnlyForDeploymentPostprocessing = 0;
		};
		09731E6118E2B3FE00C3C8A8 /* Frameworks */ = {
			isa = PBXFrameworksBuildPhase;
			buildActionMask = 2147483647;
			files = (
				09731E6618E2B3FE00C3C8A8 /* XCTest.framework in Frameworks */,
				09731E6818E2B3FE00C3C8A8 /* UIKit.framework in Frameworks */,
				09731E6718E2B3FE00C3C8A8 /* Foundation.framework in Frameworks */,
			);
			runOnlyForDeploymentPostprocessing = 0;
		};
/* End PBXFrameworksBuildPhase section */

/* Begin PBXGroup section */
		09731E3A18E2B3FE00C3C8A8 = {
			isa = PBXGroup;
			children = (
				09731E4C18E2B3FE00C3C8A8 /* HelloWorld */,
				09731E6B18E2B3FE00C3C8A8 /* HelloWorldTests */,
				09731E4518E2B3FE00C3C8A8 /* Frameworks */,
				09731E4418E2B3FE00C3C8A8 /* Products */,
			);
			sourceTree = "<group>";
		};
		09731E4418E2B3FE00C3C8A8 /* Products */ = {
			isa = PBXGroup;
			children = (
				09731E4318E2B3FE00C3C8A8 /* HelloWorld.app */,
				09731E6418E2B3FE00C3C8A8 /* HelloWorldTests.xctest */,
			);
			name = Products;
			sourceTree = "<group>";
		};
		09731E4518E2B3FE00C3C8A8 /* Frameworks */ = {
			isa = PBXGroup;
			children = (
				09731E4618E2B3FE00C3C8A8 /* Foundation.framework */,
				09731E4818E2B3FE00C3C8A8 /* CoreGraphics.framework */,
				09731E4A18E2B3FE00C3C8A8 /* UIKit.framework */,
				09731E6518E2B3FE00C3C8A8 /* XCTest.framework */,
			);
			name = Frameworks;
			sourceTree = "<group>";
		};
		09731E4C18E2B3FE00C3C8A8 /* HelloWorld */ = {
			isa = PBXGroup;
			children = (
				09731E5518E2B3FE00C3C8A8 /* HelloWorldAppDelegate.h */,
				09731E5618E2B3FE00C3C8A8 /* HelloWorldAppDelegate.m */,
				09731E5818E2B3FE00C3C8A8 /* Main.storyboard */,
				09731E5B18E2B3FE00C3C8A8 /* HelloWorldViewController.h */,
				09731E5C18E2B3FE00C3C8A8 /* HelloWorldViewController.m */,
				09731E5E18E2B3FE00C3C8A8 /* Images.xcassets */,
				09731E4D18E2B3FE00C3C8A8 /* Supporting Files */,
			);
			path = HelloWorld;
			sourceTree = "<group>";
		};
		09731E4D18E2B3FE00C3C8A8 /* Supporting Files */ = {
			isa = PBXGroup;
			children = (
				09731E4E18E2B3FE00C3C8A8 /* HelloWorld-Info.plist */,
				09731E4F18E2B3FE00C3C8A8 /* InfoPlist.strings */,
				09731E5218E2B3FE00C3C8A8 /* main.m */,
				09731E5418E2B3FE00C3C8A8 /* HelloWorld-Prefix.pch */,
			);
			name = "Supporting Files";
			sourceTree = "<group>";
		};
		09731E6B18E2B3FE00C3C8A8 /* HelloWorldTests */ = {
			isa = PBXGroup;
			children = (
				09731E7118E2B3FE00C3C8A8 /* HelloWorldTests.m */,
				09731E6C18E2B3FE00C3C8A8 /* Supporting Files */,
			);
			path = HelloWorldTests;
			sourceTree = "<group>";
		};
		09731E6C18E2B3FE00C3C8A8 /* Supporting Files */ = {
			isa = PBXGroup;
			children = (
				09731E6D18E2B3FE00C3C8A8 /* HelloWorldTests-Info.plist */,
				09731E6E18E2B3FE00C3C8A8 /* InfoPlist.strings */,
			);
			name = "Supporting Files";
			sourceTree = "<group>";
		};
/* End PBXGroup section */

/* Begin PBXNativeTarget section */
		09731E4218E2B3FE00C3C8A8 /* HelloWorld */ = {
			isa = PBXNativeTarget;
			buildConfigurationList = 09731E7518E2B3FE00C3C8A8 /* Build configuration list for PBXNativeTarget "HelloWorld" */;
			buildPhases = (
				09731E3F18E2B3FE00C3C8A8 /* Sources */,
				09731E4018E2B3FE00C3C8A8 /* Frameworks */,
				09731E4118E2B3FE00C3C8A8 /* Resources */,
			);
			buildRules = (
			);
			dependencies = (
			);
			name = HelloWorld;
			productName = HelloWorld;
			productReference = 09731E4318E2B3FE00C3C8A8 /* HelloWorld.app */;
			productType = "com.apple.product-type.application";
		};
		09731E6318E2B3FE00C3C8A8 /* HelloWorldTests */ = {
			isa = PBXNativeTarget;
			buildConfigurationList = 09731E7818E2B3FE00C3C8A8 /* Build configuration list for PBXNativeTarget "HelloWorldTests" */;
			buildPhases = (
				09731E6018E2B3FE00C3C8A8 /* Sources */,
				09731E6118E2B3FE00C3C8A8 /* Frameworks */,
				09731E6218E2B3FE00C3C8A8 /* Resources */,
			);
			buildRules = (
			);
			dependencies = (
				09731E6A18E2B3FE00C3C8A8 /* PBXTargetDependency */,
			);
			name = HelloWorldTests;
			productName = HelloWorldTests;
			productReference = 09731E6418E2B3FE00C3C8A8 /* HelloWorldTests.xctest */;
			productType = "com.apple.product-type.bundle.unit-test";
		};
/* End PBXNativeTarget section */

/* Begin PBXProject section */
		09731E3B18E2B3FE00C3C8A8 /* Project object */ = {
			isa = PBXProject;
			attributes = {
				CLASSPREFIX = HelloWorld;
				LastUpgradeCheck = 0510;
				ORGANIZATIONNAME = Jason;
				TargetAttributes = {
					09731E6318E2B3FE00C3C8A8 = {
						TestTargetID = 09731E4218E2B3FE00C3C8A8;
					};
				};
			};
			buildConfigurationList = 09731E3E18E2B3FE00C3C8A8 /* Build configuration list for PBXProject "HelloWorld" */;
			compatibilityVersion = "Xcode 3.2";
			developmentRegion = English;
			hasScannedForEncodings = 0;
			knownRegions = (
				en,
				Base,
			);
			mainGroup = 09731E3A18E2B3FE00C3C8A8;
			productRefGroup = 09731E4418E2B3FE00C3C8A8 /* Products */;
			projectDirPath = "";
			projectRoot = "";
			targets = (
				09731E4218E2B3FE00C3C8A8 /* HelloWorld */,
				09731E6318E2B3FE00C3C8A8 /* HelloWorldTests */,
			);
		};
/* End PBXProject section */

/* Begin PBXResourcesBuildPhase section */
		09731E4118E2B3FE00C3C8A8 /* Resources */ = {
			isa = PBXResourcesBuildPhase;
			buildActionMask = 2147483647;
			files = (
				09731E5F18E2B3FE00C3C8A8 /* Images.xcassets in Resources */,
				09731E5118E2B3FE00C3C8A8 /* InfoPlist.strings in Resources */,
				09731E5A18E2B3FE00C3C8A8 /* Main.storyboard in Resources */,
			);
			runOnlyForDeploymentPostprocessing = 0;
		};
		09731E6218E2B3FE00C3C8A8 /* Resources */ = {
			isa = PBXResourcesBuildPhase;
			buildActionMask = 2147483647;
			files = (
				09731E7018E2B3FE00C3C8A8 /* InfoPlist.strings in Resources */,
			);
			runOnlyForDeploymentPostprocessing = 0;
		};
/* End PBXResourcesBuildPhase section */

/* Begin PBXSourcesBuildPhase section */
		09731E3F18E2B3FE00C3C8A8 /* Sources */ = {
			isa = PBXSourcesBuildPhase;
			buildActionMask = 2147483647;
			files = (
				09731E5718E2B3FE00C3C8A8 /* HelloWorldAppDelegate.m in Sources */,
				09731E5D18E2B3FE00C3C8A8 /* HelloWorldViewController.m in Sources */,
				09731E5318E2B3FE00C3C8A8 /* main.m in Sources */,
			);
			runOnlyForDeploymentPostprocessing = 0;
		};
		09731E6018E2B3FE00C3C8A8 /* Sources */ = {
			isa = PBXSourcesBuildPhase;
			buildActionMask = 2147483647;
			files = (
				09731E7218E2B3FE00C3C8A8 /* HelloWorldTests.m in Sources */,
			);
			runOnlyForDeploymentPostprocessing = 0;
		};
/* End PBXSourcesBuildPhase section */

/* Begin PBXTargetDependency section */
		09731E6A18E2B3FE00C3C8A8 /* PBXTargetDependency */ = {
			isa = PBXTargetDependency;
			target = 09731E4218E2B3FE00C3C8A8 /* HelloWorld */;
			targetProxy = 09731E6918E2B3FE00C3C8A8 /* PBXContainerItemProxy */;
		};
/* End PBXTargetDependency section */

/* Begin PBXVariantGroup section */
		09731E4F18E2B3FE00C3C8A8 /* InfoPlist.strings */ = {
			isa = PBXVariantGroup;
			children = (
				09731E5018E2B3FE00C3C8A8 /* en */,
			);
			name = InfoPlist.strings;
			sourceTree = "<group>";
		};
		09731E5818E2B3FE00C3C8A8 /* Main.storyboard */ = {
			isa = PBXVariantGroup;
			children = (
				09731E5918E2B3FE00C3C8A8 /* Base */,
			);
			name = Main.storyboard;
			sourceTree = "<group>";
		};
		09731E6E18E2B3FE00C3C8A8 /* InfoPlist.strings */ = {
			isa = PBXVariantGroup;
			children = (
				09731E6F18E2B3FE00C3C8A8 /* en */,
			);
			name = InfoPlist.strings;
			sourceTree = "<group>";
		};
/* End PBXVariantGroup section */

/* Begin XCBuildConfiguration section */
		09731E7318E2B3FE00C3C8A8 /* Debug */ = {
			isa = XCBuildConfiguration;
			buildSettings = {
				ALWAYS_SEARCH_USER_PATHS = NO;
				CLANG_CXX_LANGUAGE_STANDARD = "gnu++0x";
				CLANG_CXX_LIBRARY = "libc++";
				CLANG_ENABLE_MODULES = YES;
				CLANG_ENABLE_OBJC_ARC = YES;
				CLANG_WARN_BOOL_CONVERSION = YES;
				CLANG_WARN_CONSTANT_CONVERSION = YES;
				CLANG_WARN_DIRECT_OBJC_ISA_USAGE = YES_ERROR;
				CLANG_WARN_EMPTY_BODY = YES;
				CLANG_WARN_ENUM_CONVERSION = YES;
				CLANG_WARN_INT_CONVERSION = YES;
				CLANG_WARN_OBJC_ROOT_CLASS = YES_ERROR;
				CLANG_WARN__DUPLICATE_METHOD_MATCH = YES;
				"CODE_SIGN_IDENTITY[sdk=iphoneos*]" = "iPhone Developer";
				COPY_PHASE_STRIP = NO;
				GCC_C_LANGUAGE_STANDARD = gnu99;
				GCC_DYNAMIC_NO_PIC = NO;
				GCC_OPTIMIZATION_LEVEL = 0;
				GCC_PREPROCESSOR_DEFINITIONS = (
					"DEBUG=1",
					"$(inherited)",
				);
				GCC_SYMBOLS_PRIVATE_EXTERN = NO;
				GCC_WARN_64_TO_32_BIT_CONVERSION = YES;
				GCC_WARN_ABOUT_RETURN_TYPE = YES_ERROR;
				GCC_WARN_UNDECLARED_SELECTOR = YES;
				GCC_WARN_UNINITIALIZED_AUTOS = YES_AGGRESSIVE;
				GCC_WARN_UNUSED_FUNCTION = YES;
				GCC_WARN_UNUSED_VARIABLE = YES;
				IPHONEOS_DEPLOYMENT_TARGET = 7.1;
				ONLY_ACTIVE_ARCH = YES;
				SDKROOT = iphoneos;
			};
			name = Debug;
		};
		09731E7418E2B3FE00C3C8A8 /* Release */ = {
			isa = XCBuildConfiguration;
			buildSettings = {
				ALWAYS_SEARCH_USER_PATHS = NO;
				CLANG_CXX_LANGUAGE_STANDARD = "gnu++0x";
				CLANG_CXX_LIBRARY = "libc++";
				CLANG_ENABLE_MODULES = YES;
				CLANG_ENABLE_OBJC_ARC = YES;
				CLANG_WARN_BOOL_CONVERSION = YES;
				CLANG_WARN_CONSTANT_CONVERSION = YES;
				CLANG_WARN_DIRECT_OBJC_ISA_USAGE = YES_ERROR;
				CLANG_WARN_EMPTY_BODY = YES;
				CLANG_WARN_ENUM_CONVERSION = YES;
				CLANG_WARN_INT_CONVERSION = YES;
				CLANG_WARN_OBJC_ROOT_CLASS = YES_ERROR;
				CLANG_WARN__DUPLICATE_METHOD_MATCH = YES;
				"CODE_SIGN_IDENTITY[sdk=iphoneos*]" = "iPhone Developer";
				COPY_PHASE_STRIP = YES;
				ENABLE_NS_ASSERTIONS = NO;
				GCC_C_LANGUAGE_STANDARD = gnu99;
				GCC_WARN_64_TO_32_BIT_CONVERSION = YES;
				GCC_WARN_ABOUT_RETURN_TYPE = YES_ERROR;
				GCC_WARN_UNDECLARED_SELECTOR = YES;
				GCC_WARN_UNINITIALIZED_AUTOS = YES_AGGRESSIVE;
				GCC_WARN_UNUSED_FUNCTION = YES;
				GCC_WARN_UNUSED_VARIABLE = YES;
				IPHONEOS_DEPLOYMENT_TARGET = 7.1;
				SDKROOT = iphoneos;
				VALIDATE_PRODUCT = YES;
			};
			name = Release;
		};
		09731E7618E2B3FE00C3C8A8 /* Debug */ = {
			isa = XCBuildConfiguration;
			buildSettings = {
				ASSETCATALOG_COMPILER_APPICON_NAME = AppIcon;
				ASSETCATALOG_COMPILER_LAUNCHIMAGE_NAME = LaunchImage;
				GCC_PRECOMPILE_PREFIX_HEADER = YES;
				GCC_PREFIX_HEADER = "HelloWorld/HelloWorld-Prefix.pch";
				INFOPLIST_FILE = "HelloWorld/HelloWorld-Info.plist";
				PRODUCT_NAME = "$(TARGET_NAME)";
				WRAPPER_EXTENSION = app;
			};
			name = Debug;
		};
		09731E7718E2B3FE00C3C8A8 /* Release */ = {
			isa = XCBuildConfiguration;
			buildSettings = {
				ASSETCATALOG_COMPILER_APPICON_NAME = AppIcon;
				ASSETCATALOG_COMPILER_LAUNCHIMAGE_NAME = LaunchImage;
				GCC_PRECOMPILE_PREFIX_HEADER = YES;
				GCC_PREFIX_HEADER = "HelloWorld/HelloWorld-Prefix.pch";
				INFOPLIST_FILE = "HelloWorld/HelloWorld-Info.plist";
				PRODUCT_NAME = "$(TARGET_NAME)";
				WRAPPER_EXTENSION = app;
			};
			name = Release;
		};
		09731E7918E2B3FE00C3C8A8 /* Debug */ = {
			isa = XCBuildConfiguration;
			buildSettings = {
				BUNDLE_LOADER = "$(BUILT_PRODUCTS_DIR)/HelloWorld.app/HelloWorld";
				FRAMEWORK_SEARCH_PATHS = (
					"$(SDKROOT)/Developer/Library/Frameworks",
					"$(inherited)",
					"$(DEVELOPER_FRAMEWORKS_DIR)",
				);
				GCC_PRECOMPILE_PREFIX_HEADER = YES;
				GCC_PREFIX_HEADER = "HelloWorld/HelloWorld-Prefix.pch";
				GCC_PREPROCESSOR_DEFINITIONS = (
					"DEBUG=1",
					"$(inherited)",
				);
				INFOPLIST_FILE = "HelloWorldTests/HelloWorldTests-Info.plist";
				PRODUCT_NAME = "$(TARGET_NAME)";
				TEST_HOST = "$(BUNDLE_LOADER)";
				WRAPPER_EXTENSION = xctest;
			};
			name = Debug;
		};
		09731E7A18E2B3FE00C3C8A8 /* Release */ = {
			isa = XCBuildConfiguration;
			buildSettings = {
				BUNDLE_LOADER = "$(BUILT_PRODUCTS_DIR)/HelloWorld.app/HelloWorld";
				FRAMEWORK_SEARCH_PATHS = (
					"$(SDKROOT)/Developer/Library/Frameworks",
					"$(inherited)",
					"$(DEVELOPER_FRAMEWORKS_DIR)",
				);
				GCC_PRECOMPILE_PREFIX_HEADER = YES;
				GCC_PREFIX_HEADER = "HelloWorld/HelloWorld-Prefix.pch";
				INFOPLIST_FILE = "HelloWorldTests/HelloWorldTests-Info.plist";
				PRODUCT_NAME = "$(TARGET_NAME)";
				TEST_HOST = "$(BUNDLE_LOADER)";
				WRAPPER_EXTENSION = xctest;
			};
			name = Release;
		};
/* End XCBuildConfiguration section */

/* Begin XCConfigurationList section */
		09731E3E18E2B3FE00C3C8A8 /* Build configuration list for PBXProject "HelloWorld" */ = {
			isa = XCConfigurationList;
			buildConfigurations = (
				09731E7318E2B3FE00C3C8A8 /* Debug */,
				09731E7418E2B3FE00C3C8A8 /* Release */,
			);
			defaultConfigurationIsVisible = 0;
			defaultConfigurationName = Release;
		};
		09731E7518E2B3FE00C3C8A8 /* Build configuration list for PBXNativeTarget "HelloWorld" */ = {
			isa = XCConfigurationList;
			buildConfigurations = (
				09731E7618E2B3FE00C3C8A8 /* Debug */,
				09731E7718E2B3FE00C3C8A8 /* Release */,
			);
			defaultConfigurationIsVisible = 0;
		};
		09731E7818E2B3FE00C3C8A8 /* Build configuration list for PBXNativeTarget "HelloWorldTests" */ = {
			isa = XCConfigurationList;
			buildConfigurations = (
				09731E7918E2B3FE00C3C8A8 /* Debug */,
				09731E7A18E2B3FE00C3C8A8 /* Release */,
			);
			defaultConfigurationIsVisible = 0;
		};
/* End XCConfigurationList section */
	};
	rootObject = 09731E3B18E2B3FE00C3C8A8 /* Project object */;
}
